
Microsoft Visual Studio Solution File, Format Version 12.00
# Visual Studio 14
VisualStudioVersion = 14.0.25420.1
MinimumVisualStudioVersion = 10.0.40219.1
Project("{FAE04EC0-301F-11D3-BF4B-00C04F79EFBC}") = "chatServer", "chatServer\chatServer.csproj", "{B7758999-F339-4B8D-AE2B-418D9FCBDCF8}"
EndProject
Global
	GlobalSection(SolutionConfigurationPlatforms) = preSolution
		Debug|Any CPU = Debug|Any CPU
		Release|Any CPU = Release|Any CPU
	EndGlobalSection
	GlobalSection(ProjectConfigurationPlatforms) = postSolution
		{B7758999-F339-4B8D-AE2B-418D9FCBDCF8}.Debug|Any CPU.ActiveCfg = Debug|Any CPU
		{B7758999-F339-4B8D-AE2B-418D9FCBDCF8}.Debug|Any CPU.Build.0 = Debug|Any CPU
		{B7758999-F339-4B8D-AE2B-418D9FCBDCF8}.Release|Any CPU.ActiveCfg = Release|Any CPU
		{B7758999-F339-4B8D-AE2B-418D9FCBDCF8}.Release|Any CPU.Build.0 = Release|Any CPU
	EndGlobalSection
	GlobalSection(SolutionProperties) = preSolution
		HideSolutionNode = FALSE
	EndGlobalSection
EndGlobal
